
Microsoft Visual Studio Solution File, Format Version 12.00
# Visual Studio 15
VisualStudioVersion = 15.0.26730.16
MinimumVisualStudioVersion = 10.0.40219.1
Project("{8BC9CEB8-8B4A-11D0-8D11-00A0C91BC942}") = "Starcraft2Streamer", "Starcraft2Streamer\Starcraft2Streamer.vcxproj", "{63A371B5-CF7D-4563-8DA9-634113369850}"
EndProject
Global
	GlobalSection(SolutionConfigurationPlatforms) = preSolution
		Debug|x64 = Debug|x64
		Debug|x86 = Debug|x86
		Release|x64 = Release|x64
		Release|x86 = Release|x86
	EndGlobalSection
	GlobalSection(ProjectConfigurationPlatforms) = postSolution
		{63A371B5-CF7D-4563-8DA9-634113369850}.Debug|x64.ActiveCfg = Debug|x64
		{63A371B5-CF7D-4563-8DA9-634113369850}.Debug|x64.Build.0 = Debug|x64
		{63A371B5-CF7D-4563-8DA9-634113369850}.Debug|x86.ActiveCfg = Debug|Win32
		{63A371B5-CF7D-4563-8DA9-634113369850}.Debug|x86.Build.0 = Debug|Win32
		{63A371B5-CF7D-4563-8DA9-634113369850}.Release|x64.ActiveCfg = Release|x64
		{63A371B5-CF7D-4563-8DA9-634113369850}.Release|x64.Build.0 = Release|x64
		{63A371B5-CF7D-4563-8DA9-634113369850}.Release|x86.ActiveCfg = Release|Win32
		{63A371B5-CF7D-4563-8DA9-634113369850}.Release|x86.Build.0 = Release|Win32
	EndGlobalSection
	GlobalSection(SolutionProperties) = preSolution
		HideSolutionNode = FALSE
	EndGlobalSection
	GlobalSection(ExtensibilityGlobals) = postSolution
		SolutionGuid = {EFD41FE5-D434-4F0B-BF2F-F47B0A6922DC}
	EndGlobalSection
EndGlobal
